// !$*UTF8*$!
{
	archiveVersion = 1;
	classes = {
	};
	objectVersion = 77;
	objects = {

/* Begin PBXBuildFile section */
		63DDC3022CE92B3000FBE7E5 /* WidgetKit.framework in Frameworks */ = {isa = PBXBuildFile; fileRef = 63DDC3012CE92B3000FBE7E5 /* WidgetKit.framework */; };
		63DDC3042CE92B3000FBE7E5 /* SwiftUI.framework in Frameworks */ = {isa = PBXBuildFile; fileRef = 63DDC3032CE92B3000FBE7E5 /* SwiftUI.framework */; };
		63DDC3152CE92B3200FBE7E5 /* MetroWidgetExtension.appex in Embed Foundation Extensions */ = {isa = PBXBuildFile; fileRef = 63DDC2FF2CE92B3000FBE7E5 /* MetroWidgetExtension.appex */; settings = {ATTRIBUTES = (RemoveHeadersOnCopy, ); }; };
/* End PBXBuildFile section */

/* Begin PBXContainerItemProxy section */
		63A8F4532CD7E8F900CD2D46 /* PBXContainerItemProxy */ = {
			isa = PBXContainerItemProxy;
			containerPortal = 63A8F4352CD7E8F700CD2D46 /* Project object */;
			proxyType = 1;
			remoteGlobalIDString = 63A8F43C2CD7E8F700CD2D46;
			remoteInfo = Metro;
		};
		63A8F45D2CD7E8F900CD2D46 /* PBXContainerItemProxy */ = {
			isa = PBXContainerItemProxy;
			containerPortal = 63A8F4352CD7E8F700CD2D46 /* Project object */;
			proxyType = 1;
			remoteGlobalIDString = 63A8F43C2CD7E8F700CD2D46;
			remoteInfo = Metro;
		};
		63DDC3132CE92B3200FBE7E5 /* PBXContainerItemProxy */ = {
			isa = PBXContainerItemProxy;
			containerPortal = 63A8F4352CD7E8F700CD2D46 /* Project object */;
			proxyType = 1;
			remoteGlobalIDString = 63DDC2FE2CE92B3000FBE7E5;
			remoteInfo = MetroWidgetExtension;
		};
/* End PBXContainerItemProxy section */

/* Begin PBXCopyFilesBuildPhase section */
		63DDC31A2CE92B3200FBE7E5 /* Embed Foundation Extensions */ = {
			isa = PBXCopyFilesBuildPhase;
			buildActionMask = 2147483647;
			dstPath = "";
			dstSubfolderSpec = 13;
			files = (
				63DDC3152CE92B3200FBE7E5 /* MetroWidgetExtension.appex in Embed Foundation Extensions */,
			);
			name = "Embed Foundation Extensions";
			runOnlyForDeploymentPostprocessing = 0;
		};
/* End PBXCopyFilesBuildPhase section */

/* Begin PBXFileReference section */
		63A8F43D2CD7E8F700CD2D46 /* Metro.app */ = {isa = PBXFileReference; explicitFileType = wrapper.application; includeInIndex = 0; path = Metro.app; sourceTree = BUILT_PRODUCTS_DIR; };
		63A8F4522CD7E8F900CD2D46 /* MetroTests.xctest */ = {isa = PBXFileReference; explicitFileType = wrapper.cfbundle; includeInIndex = 0; path = MetroTests.xctest; sourceTree = BUILT_PRODUCTS_DIR; };
		63A8F45C2CD7E8F900CD2D46 /* MetroUITests.xctest */ = {isa = PBXFileReference; explicitFileType = wrapper.cfbundle; includeInIndex = 0; path = MetroUITests.xctest; sourceTree = BUILT_PRODUCTS_DIR; };
		63DDC2FF2CE92B3000FBE7E5 /* MetroWidgetExtension.appex */ = {isa = PBXFileReference; explicitFileType = "wrapper.app-extension"; includeInIndex = 0; path = MetroWidgetExtension.appex; sourceTree = BUILT_PRODUCTS_DIR; };
		63DDC3012CE92B3000FBE7E5 /* WidgetKit.framework */ = {isa = PBXFileReference; lastKnownFileType = wrapper.framework; name = WidgetKit.framework; path = System/Library/Frameworks/WidgetKit.framework; sourceTree = SDKROOT; };
		63DDC3032CE92B3000FBE7E5 /* SwiftUI.framework */ = {isa = PBXFileReference; lastKnownFileType = wrapper.framework; name = SwiftUI.framework; path = System/Library/Frameworks/SwiftUI.framework; sourceTree = SDKROOT; };
/* End PBXFileReference section */

/* Begin PBXFileSystemSynchronizedBuildFileExceptionSet section */
		63DDC3162CE92B3200FBE7E5 /* Exceptions for "MetroWidget" folder in "MetroWidgetExtension" target */ = {
			isa = PBXFileSystemSynchronizedBuildFileExceptionSet;
			membershipExceptions = (
				Info.plist,
			);
			target = 63DDC2FE2CE92B3000FBE7E5 /* MetroWidgetExtension */;
		};
/* End PBXFileSystemSynchronizedBuildFileExceptionSet section */

/* Begin PBXFileSystemSynchronizedRootGroup section */
		63A8F43F2CD7E8F700CD2D46 /* Metro */ = {
			isa = PBXFileSystemSynchronizedRootGroup;
			path = Metro;
			sourceTree = "<group>";
		};
		63A8F4552CD7E8F900CD2D46 /* MetroTests */ = {
			isa = PBXFileSystemSynchronizedRootGroup;
			path = MetroTests;
			sourceTree = "<group>";
		};
		63A8F45F2CD7E8F900CD2D46 /* MetroUITests */ = {
			isa = PBXFileSystemSynchronizedRootGroup;
			path = MetroUITests;
			sourceTree = "<group>";
		};
		63DDC3052CE92B3000FBE7E5 /* MetroWidget */ = {
			isa = PBXFileSystemSynchronizedRootGroup;
			exceptions = (
				63DDC3162CE92B3200FBE7E5 /* Exceptions for "MetroWidget" folder in "MetroWidgetExtension" target */,
			);
			path = MetroWidget;
			sourceTree = "<group>";
		};
/* End PBXFileSystemSynchronizedRootGroup section */

/* Begin PBXFrameworksBuildPhase section */
		63A8F43A2CD7E8F700CD2D46 /* Frameworks */ = {
			isa = PBXFrameworksBuildPhase;
			buildActionMask = 2147483647;
			files = (
			);
			runOnlyForDeploymentPostprocessing = 0;
		};
		63A8F44F2CD7E8F900CD2D46 /* Frameworks */ = {
			isa = PBXFrameworksBuildPhase;
			buildActionMask = 2147483647;
			files = (
			);
			runOnlyForDeploymentPostprocessing = 0;
		};
		63A8F4592CD7E8F900CD2D46 /* Frameworks */ = {
			isa = PBXFrameworksBuildPhase;
			buildActionMask = 2147483647;
			files = (
			);
			runOnlyForDeploymentPostprocessing = 0;
		};
		63DDC2FC2CE92B3000FBE7E5 /* Frameworks */ = {
			isa = PBXFrameworksBuildPhase;
			buildActionMask = 2147483647;
			files = (
				63DDC3042CE92B3000FBE7E5 /* SwiftUI.framework in Frameworks */,
				63DDC3022CE92B3000FBE7E5 /* WidgetKit.framework in Frameworks */,
			);
			runOnlyForDeploymentPostprocessing = 0;
		};
/* End PBXFrameworksBuildPhase section */

/* Begin PBXGroup section */
		63A8F4342CD7E8F700CD2D46 = {
			isa = PBXGroup;
			children = (
				63A8F43F2CD7E8F700CD2D46 /* Metro */,
				63A8F4552CD7E8F900CD2D46 /* MetroTests */,
				63A8F45F2CD7E8F900CD2D46 /* MetroUITests */,
				63DDC3052CE92B3000FBE7E5 /* MetroWidget */,
				63DDC3002CE92B3000FBE7E5 /* Frameworks */,
				63A8F43E2CD7E8F700CD2D46 /* Products */,
			);
			sourceTree = "<group>";
		};
		63A8F43E2CD7E8F700CD2D46 /* Products */ = {
			isa = PBXGroup;
			children = (
				63A8F43D2CD7E8F700CD2D46 /* Metro.app */,
				63A8F4522CD7E8F900CD2D46 /* MetroTests.xctest */,
				63A8F45C2CD7E8F900CD2D46 /* MetroUITests.xctest */,
				63DDC2FF2CE92B3000FBE7E5 /* MetroWidgetExtension.appex */,
			);
			name = Products;
			sourceTree = "<group>";
		};
		63DDC3002CE92B3000FBE7E5 /* Frameworks */ = {
			isa = PBXGroup;
			children = (
				63DDC3012CE92B3000FBE7E5 /* WidgetKit.framework */,
				63DDC3032CE92B3000FBE7E5 /* SwiftUI.framework */,
			);
			name = Frameworks;
			sourceTree = "<group>";
		};
/* End PBXGroup section */

/* Begin PBXNativeTarget section */
		63A8F43C2CD7E8F700CD2D46 /* Metro */ = {
			isa = PBXNativeTarget;
			buildConfigurationList = 63A8F4662CD7E8F900CD2D46 /* Build configuration list for PBXNativeTarget "Metro" */;
			buildPhases = (
				63A8F4392CD7E8F700CD2D46 /* Sources */,
				63A8F43A2CD7E8F700CD2D46 /* Frameworks */,
				63A8F43B2CD7E8F700CD2D46 /* Resources */,
				63DDC31A2CE92B3200FBE7E5 /* Embed Foundation Extensions */,
			);
			buildRules = (
			);
			dependencies = (
				63DDC3142CE92B3200FBE7E5 /* PBXTargetDependency */,
			);
			fileSystemSynchronizedGroups = (
				63A8F43F2CD7E8F700CD2D46 /* Metro */,
			);
			name = Metro;
			packageProductDependencies = (
			);
			productName = Metro;
			productReference = 63A8F43D2CD7E8F700CD2D46 /* Metro.app */;
			productType = "com.apple.product-type.application";
		};
		63A8F4512CD7E8F900CD2D46 /* MetroTests */ = {
			isa = PBXNativeTarget;
			buildConfigurationList = 63A8F4692CD7E8F900CD2D46 /* Build configuration list for PBXNativeTarget "MetroTests" */;
			buildPhases = (
				63A8F44E2CD7E8F900CD2D46 /* Sources */,
				63A8F44F2CD7E8F900CD2D46 /* Frameworks */,
				63A8F4502CD7E8F900CD2D46 /* Resources */,
			);
			buildRules = (
			);
			dependencies = (
				63A8F4542CD7E8F900CD2D46 /* PBXTargetDependency */,
			);
			fileSystemSynchronizedGroups = (
				63A8F4552CD7E8F900CD2D46 /* MetroTests */,
			);
			name = MetroTests;
			packageProductDependencies = (
			);
			productName = MetroTests;
			productReference = 63A8F4522CD7E8F900CD2D46 /* MetroTests.xctest */;
			productType = "com.apple.product-type.bundle.unit-test";
		};
		63A8F45B2CD7E8F900CD2D46 /* MetroUITests */ = {
			isa = PBXNativeTarget;
			buildConfigurationList = 63A8F46C2CD7E8F900CD2D46 /* Build configuration list for PBXNativeTarget "MetroUITests" */;
			buildPhases = (
				63A8F4582CD7E8F900CD2D46 /* Sources */,
				63A8F4592CD7E8F900CD2D46 /* Frameworks */,
				63A8F45A2CD7E8F900CD2D46 /* Resources */,
			);
			buildRules = (
			);
			dependencies = (
				63A8F45E2CD7E8F900CD2D46 /* PBXTargetDependency */,
			);
			fileSystemSynchronizedGroups = (
				63A8F45F2CD7E8F900CD2D46 /* MetroUITests */,
			);
			name = MetroUITests;
			packageProductDependencies = (
			);
			productName = MetroUITests;
			productReference = 63A8F45C2CD7E8F900CD2D46 /* MetroUITests.xctest */;
			productType = "com.apple.product-type.bundle.ui-testing";
		};
		63DDC2FE2CE92B3000FBE7E5 /* MetroWidgetExtension */ = {
			isa = PBXNativeTarget;
			buildConfigurationList = 63DDC3172CE92B3200FBE7E5 /* Build configuration list for PBXNativeTarget "MetroWidgetExtension" */;
			buildPhases = (
				63DDC2FB2CE92B3000FBE7E5 /* Sources */,
				63DDC2FC2CE92B3000FBE7E5 /* Frameworks */,
				63DDC2FD2CE92B3000FBE7E5 /* Resources */,
			);
			buildRules = (
			);
			dependencies = (
			);
			fileSystemSynchronizedGroups = (
				63DDC3052CE92B3000FBE7E5 /* MetroWidget */,
			);
			name = MetroWidgetExtension;
			packageProductDependencies = (
			);
			productName = MetroWidgetExtension;
			productReference = 63DDC2FF2CE92B3000FBE7E5 /* MetroWidgetExtension.appex */;
			productType = "com.apple.product-type.app-extension";
		};
/* End PBXNativeTarget section */

/* Begin PBXProject section */
		63A8F4352CD7E8F700CD2D46 /* Project object */ = {
			isa = PBXProject;
			attributes = {
				BuildIndependentTargetsInParallel = 1;
				LastSwiftUpdateCheck = 1600;
				LastUpgradeCheck = 1600;
				TargetAttributes = {
					63A8F43C2CD7E8F700CD2D46 = {
						CreatedOnToolsVersion = 16.0;
					};
					63A8F4512CD7E8F900CD2D46 = {
						CreatedOnToolsVersion = 16.0;
						TestTargetID = 63A8F43C2CD7E8F700CD2D46;
					};
					63A8F45B2CD7E8F900CD2D46 = {
						CreatedOnToolsVersion = 16.0;
						TestTargetID = 63A8F43C2CD7E8F700CD2D46;
					};
					63DDC2FE2CE92B3000FBE7E5 = {
						CreatedOnToolsVersion = 16.0;
					};
				};
			};
			buildConfigurationList = 63A8F4382CD7E8F700CD2D46 /* Build configuration list for PBXProject "Metro" */;
			developmentRegion = en;
			hasScannedForEncodings = 0;
			knownRegions = (
				en,
				Base,
			);
			mainGroup = 63A8F4342CD7E8F700CD2D46;
			minimizedProjectReferenceProxies = 1;
			preferredProjectObjectVersion = 77;
			productRefGroup = 63A8F43E2CD7E8F700CD2D46 /* Products */;
			projectDirPath = "";
			projectRoot = "";
			targets = (
				63A8F43C2CD7E8F700CD2D46 /* Metro */,
				63A8F4512CD7E8F900CD2D46 /* MetroTests */,
				63A8F45B2CD7E8F900CD2D46 /* MetroUITests */,
				63DDC2FE2CE92B3000FBE7E5 /* MetroWidgetExtension */,
			);
		};
/* End PBXProject section */

/* Begin PBXResourcesBuildPhase section */
		63A8F43B2CD7E8F700CD2D46 /* Resources */ = {
			isa = PBXResourcesBuildPhase;
			buildActionMask = 2147483647;
			files = (
			);
			runOnlyForDeploymentPostprocessing = 0;
		};
		63A8F4502CD7E8F900CD2D46 /* Resources */ = {
			isa = PBXResourcesBuildPhase;
			buildActionMask = 2147483647;
			files = (
			);
			runOnlyForDeploymentPostprocessing = 0;
		};
		63A8F45A2CD7E8F900CD2D46 /* Resources */ = {
			isa = PBXResourcesBuildPhase;
			buildActionMask = 2147483647;
			files = (
			);
			runOnlyForDeploymentPostprocessing = 0;
		};
		63DDC2FD2CE92B3000FBE7E5 /* Resources */ = {
			isa = PBXResourcesBuildPhase;
			buildActionMask = 2147483647;
			files = (
			);
			runOnlyForDeploymentPostprocessing = 0;
		};
/* End PBXResourcesBuildPhase section */

/* Begin PBXSourcesBuildPhase section */
		63A8F4392CD7E8F700CD2D46 /* Sources */ = {
			isa = PBXSourcesBuildPhase;
			buildActionMask = 2147483647;
			files = (
			);
			runOnlyForDeploymentPostprocessing = 0;
		};
		63A8F44E2CD7E8F900CD2D46 /* Sources */ = {
			isa = PBXSourcesBuildPhase;
			buildActionMask = 2147483647;
			files = (
			);
			runOnlyForDeploymentPostprocessing = 0;
		};
		63A8F4582CD7E8F900CD2D46 /* Sources */ = {
			isa = PBXSourcesBuildPhase;
			buildActionMask = 2147483647;
			files = (
			);
			runOnlyForDeploymentPostprocessing = 0;
		};
		63DDC2FB2CE92B3000FBE7E5 /* Sources */ = {
			isa = PBXSourcesBuildPhase;
			buildActionMask = 2147483647;
			files = (
			);
			runOnlyForDeploymentPostprocessing = 0;
		};
/* End PBXSourcesBuildPhase section */

/* Begin PBXTargetDependency section */
		63A8F4542CD7E8F900CD2D46 /* PBXTargetDependency */ = {
			isa = PBXTargetDependency;
			target = 63A8F43C2CD7E8F700CD2D46 /* Metro */;
			targetProxy = 63A8F4532CD7E8F900CD2D46 /* PBXContainerItemProxy */;
		};
		63A8F45E2CD7E8F900CD2D46 /* PBXTargetDependency */ = {
			isa = PBXTargetDependency;
			target = 63A8F43C2CD7E8F700CD2D46 /* Metro */;
			targetProxy = 63A8F45D2CD7E8F900CD2D46 /* PBXContainerItemProxy */;
		};
		63DDC3142CE92B3200FBE7E5 /* PBXTargetDependency */ = {
			isa = PBXTargetDependency;
			target = 63DDC2FE2CE92B3000FBE7E5 /* MetroWidgetExtension */;
			targetProxy = 63DDC3132CE92B3200FBE7E5 /* PBXContainerItemProxy */;
		};
/* End PBXTargetDependency section */

/* Begin XCBuildConfiguration section */
		63A8F4642CD7E8F900CD2D46 /* Debug */ = {
			isa = XCBuildConfiguration;
			buildSettings = {
				ALWAYS_SEARCH_USER_PATHS = NO;
				ASSETCATALOG_COMPILER_GENERATE_SWIFT_ASSET_SYMBOL_EXTENSIONS = YES;
				CLANG_ANALYZER_NONNULL = YES;
				CLANG_ANALYZER_NUMBER_OBJECT_CONVERSION = YES_AGGRESSIVE;
				CLANG_CXX_LANGUAGE_STANDARD = "gnu++20";
				CLANG_ENABLE_MODULES = YES;
				CLANG_ENABLE_OBJC_ARC = YES;
				CLANG_ENABLE_OBJC_WEAK = YES;
				CLANG_WARN_BLOCK_CAPTURE_AUTORELEASING = YES;
				CLANG_WARN_BOOL_CONVERSION = YES;
				CLANG_WARN_COMMA = YES;
				CLANG_WARN_CONSTANT_CONVERSION = YES;
				CLANG_WARN_DEPRECATED_OBJC_IMPLEMENTATIONS = YES;
				CLANG_WARN_DIRECT_OBJC_ISA_USAGE = YES_ERROR;
				CLANG_WARN_DOCUMENTATION_COMMENTS = YES;
				CLANG_WARN_EMPTY_BODY = YES;
				CLANG_WARN_ENUM_CONVERSION = YES;
				CLANG_WARN_INFINITE_RECURSION = YES;
				CLANG_WARN_INT_CONVERSION = YES;
				CLANG_WARN_NON_LITERAL_NULL_CONVERSION = YES;
				CLANG_WARN_OBJC_IMPLICIT_RETAIN_SELF = YES;
				CLANG_WARN_OBJC_LITERAL_CONVERSION = YES;
				CLANG_WARN_OBJC_ROOT_CLASS = YES_ERROR;
				CLANG_WARN_QUOTED_INCLUDE_IN_FRAMEWORK_HEADER = YES;
				CLANG_WARN_RANGE_LOOP_ANALYSIS = YES;
				CLANG_WARN_STRICT_PROTOTYPES = YES;
				CLANG_WARN_SUSPICIOUS_MOVE = YES;
				CLANG_WARN_UNGUARDED_AVAILABILITY = YES_AGGRESSIVE;
				CLANG_WARN_UNREACHABLE_CODE = YES;
				CLANG_WARN__DUPLICATE_METHOD_MATCH = YES;
				COPY_PHASE_STRIP = NO;
				DEBUG_INFORMATION_FORMAT = dwarf;
				ENABLE_STRICT_OBJC_MSGSEND = YES;
				ENABLE_TESTABILITY = YES;
				ENABLE_USER_SCRIPT_SANDBOXING = YES;
				GCC_C_LANGUAGE_STANDARD = gnu17;
				GCC_DYNAMIC_NO_PIC = NO;
				GCC_NO_COMMON_BLOCKS = YES;
				GCC_OPTIMIZATION_LEVEL = 0;
				GCC_PREPROCESSOR_DEFINITIONS = (
					"DEBUG=1",
					"$(inherited)",
				);
				GCC_WARN_64_TO_32_BIT_CONVERSION = YES;
				GCC_WARN_ABOUT_RETURN_TYPE = YES_ERROR;
				GCC_WARN_UNDECLARED_SELECTOR = YES;
				GCC_WARN_UNINITIALIZED_AUTOS = YES_AGGRESSIVE;
				GCC_WARN_UNUSED_FUNCTION = YES;
				GCC_WARN_UNUSED_VARIABLE = YES;
				IPHONEOS_DEPLOYMENT_TARGET = 18.0;
				LOCALIZATION_PREFERS_STRING_CATALOGS = YES;
				MTL_ENABLE_DEBUG_INFO = INCLUDE_SOURCE;
				MTL_FAST_MATH = YES;
				ONLY_ACTIVE_ARCH = YES;
				SDKROOT = iphoneos;
				SWIFT_ACTIVE_COMPILATION_CONDITIONS = "DEBUG $(inherited)";
				SWIFT_OPTIMIZATION_LEVEL = "-Onone";
			};
			name = Debug;
		};
		63A8F4652CD7E8F900CD2D46 /* Release */ = {
			isa = XCBuildConfiguration;
			buildSettings = {
				ALWAYS_SEARCH_USER_PATHS = NO;
				ASSETCATALOG_COMPILER_GENERATE_SWIFT_ASSET_SYMBOL_EXTENSIONS = YES;
				CLANG_ANALYZER_NONNULL = YES;
				CLANG_ANALYZER_NUMBER_OBJECT_CONVERSION = YES_AGGRESSIVE;
				CLANG_CXX_LANGUAGE_STANDARD = "gnu++20";
				CLANG_ENABLE_MODULES = YES;
				CLANG_ENABLE_OBJC_ARC = YES;
				CLANG_ENABLE_OBJC_WEAK = YES;
				CLANG_WARN_BLOCK_CAPTURE_AUTORELEASING = YES;
				CLANG_WARN_BOOL_CONVERSION = YES;
				CLANG_WARN_COMMA = YES;
				CLANG_WARN_CONSTANT_CONVERSION = YES;
				CLANG_WARN_DEPRECATED_OBJC_IMPLEMENTATIONS = YES;
				CLANG_WARN_DIRECT_OBJC_ISA_USAGE = YES_ERROR;
				CLANG_WARN_DOCUMENTATION_COMMENTS = YES;
				CLANG_WARN_EMPTY_BODY = YES;
				CLANG_WARN_ENUM_CONVERSION = YES;
				CLANG_WARN_INFINITE_RECURSION = YES;
				CLANG_WARN_INT_CONVERSION = YES;
				CLANG_WARN_NON_LITERAL_NULL_CONVERSION = YES;
				CLANG_WARN_OBJC_IMPLICIT_RETAIN_SELF = YES;
				CLANG_WARN_OBJC_LITERAL_CONVERSION = YES;
				CLANG_WARN_OBJC_ROOT_CLASS = YES_ERROR;
				CLANG_WARN_QUOTED_INCLUDE_IN_FRAMEWORK_HEADER = YES;
				CLANG_WARN_RANGE_LOOP_ANALYSIS = YES;
				CLANG_WARN_STRICT_PROTOTYPES = YES;
				CLANG_WARN_SUSPICIOUS_MOVE = YES;
				CLANG_WARN_UNGUARDED_AVAILABILITY = YES_AGGRESSIVE;
				CLANG_WARN_UNREACHABLE_CODE = YES;
				CLANG_WARN__DUPLICATE_METHOD_MATCH = YES;
				COPY_PHASE_STRIP = NO;
				DEBUG_INFORMATION_FORMAT = "dwarf-with-dsym";
				ENABLE_NS_ASSERTIONS = NO;
				ENABLE_STRICT_OBJC_MSGSEND = YES;
				ENABLE_USER_SCRIPT_SANDBOXING = YES;
				GCC_C_LANGUAGE_STANDARD = gnu17;
				GCC_NO_COMMON_BLOCKS = YES;
				GCC_WARN_64_TO_32_BIT_CONVERSION = YES;
				GCC_WARN_ABOUT_RETURN_TYPE = YES_ERROR;
				GCC_WARN_UNDECLARED_SELECTOR = YES;
				GCC_WARN_UNINITIALIZED_AUTOS = YES_AGGRESSIVE;
				GCC_WARN_UNUSED_FUNCTION = YES;
				GCC_WARN_UNUSED_VARIABLE = YES;
				IPHONEOS_DEPLOYMENT_TARGET = 18.0;
				LOCALIZATION_PREFERS_STRING_CATALOGS = YES;
				MTL_ENABLE_DEBUG_INFO = NO;
				MTL_FAST_MATH = YES;
				SDKROOT = iphoneos;
				SWIFT_COMPILATION_MODE = wholemodule;
				VALIDATE_PRODUCT = YES;
			};
			name = Release;
		};
		63A8F4672CD7E8F900CD2D46 /* Debug */ = {
			isa = XCBuildConfiguration;
			buildSettings = {
				ASSETCATALOG_COMPILER_APPICON_NAME = AppIcon;
				ASSETCATALOG_COMPILER_GLOBAL_ACCENT_COLOR_NAME = AccentColor;
				CODE_SIGN_STYLE = Automatic;
				CURRENT_PROJECT_VERSION = 1;
				DEVELOPMENT_ASSET_PATHS = "\"Metro/Preview Content\"";
				DEVELOPMENT_TEAM = FSQ8798AA5;
				ENABLE_PREVIEWS = YES;
				GENERATE_INFOPLIST_FILE = YES;
				INFOPLIST_KEY_UIApplicationSceneManifest_Generation = YES;
				INFOPLIST_KEY_UIApplicationSupportsIndirectInputEvents = YES;
				INFOPLIST_KEY_UILaunchScreen_Generation = YES;
				INFOPLIST_KEY_UISupportedInterfaceOrientations_iPad = "UIInterfaceOrientationPortrait UIInterfaceOrientationPortraitUpsideDown UIInterfaceOrientationLandscapeLeft UIInterfaceOrientationLandscapeRight";
				INFOPLIST_KEY_UISupportedInterfaceOrientations_iPhone = "UIInterfaceOrientationPortrait UIInterfaceOrientationLandscapeLeft UIInterfaceOrientationLandscapeRight";
				LD_RUNPATH_SEARCH_PATHS = (
					"$(inherited)",
					"@executable_path/Frameworks",
				);
				MARKETING_VERSION = 1.0;
				PRODUCT_BUNDLE_IDENTIFIER = Aimarpr12.Metro;
				PRODUCT_NAME = "$(TARGET_NAME)";
				SWIFT_EMIT_LOC_STRINGS = YES;
				SWIFT_VERSION = 5.0;
				TARGETED_DEVICE_FAMILY = "1,2";
			};
			name = Debug;
		};
		63A8F4682CD7E8F900CD2D46 /* Release */ = {
			isa = XCBuildConfiguration;
			buildSettings = {
				ASSETCATALOG_COMPILER_APPICON_NAME = AppIcon;
				ASSETCATALOG_COMPILER_GLOBAL_ACCENT_COLOR_NAME = AccentColor;
				CODE_SIGN_STYLE = Automatic;
				CURRENT_PROJECT_VERSION = 1;
				DEVELOPMENT_ASSET_PATHS = "\"Metro/Preview Content\"";
				DEVELOPMENT_TEAM = FSQ8798AA5;
				ENABLE_PREVIEWS = YES;
				GENERATE_INFOPLIST_FILE = YES;
				INFOPLIST_KEY_UIApplicationSceneManifest_Generation = YES;
				INFOPLIST_KEY_UIApplicationSupportsIndirectInputEvents = YES;
				INFOPLIST_KEY_UILaunchScreen_Generation = YES;
				INFOPLIST_KEY_UISupportedInterfaceOrientations_iPad = "UIInterfaceOrientationPortrait UIInterfaceOrientationPortraitUpsideDown UIInterfaceOrientationLandscapeLeft UIInterfaceOrientationLandscapeRight";
				INFOPLIST_KEY_UISupportedInterfaceOrientations_iPhone = "UIInterfaceOrientationPortrait UIInterfaceOrientationLandscapeLeft UIInterfaceOrientationLandscapeRight";
				LD_RUNPATH_SEARCH_PATHS = (
					"$(inherited)",
					"@executable_path/Frameworks",
				);
				MARKETING_VERSION = 1.0;
				PRODUCT_BUNDLE_IDENTIFIER = Aimarpr12.Metro;
				PRODUCT_NAME = "$(TARGET_NAME)";
				SWIFT_EMIT_LOC_STRINGS = YES;
				SWIFT_VERSION = 5.0;
				TARGETED_DEVICE_FAMILY = "1,2";
			};
			name = Release;
		};
		63A8F46A2CD7E8F900CD2D46 /* Debug */ = {
			isa = XCBuildConfiguration;
			buildSettings = {
				BUNDLE_LOADER = "$(TEST_HOST)";
				CODE_SIGN_STYLE = Automatic;
				CURRENT_PROJECT_VERSION = 1;
				DEVELOPMENT_TEAM = FSQ8798AA5;
				GENERATE_INFOPLIST_FILE = YES;
				IPHONEOS_DEPLOYMENT_TARGET = 18.0;
				MARKETING_VERSION = 1.0;
				PRODUCT_BUNDLE_IDENTIFIER = Aimarpr12.MetroTests;
				PRODUCT_NAME = "$(TARGET_NAME)";
				SWIFT_EMIT_LOC_STRINGS = NO;
				SWIFT_VERSION = 5.0;
				TARGETED_DEVICE_FAMILY = "1,2";
				TEST_HOST = "$(BUILT_PRODUCTS_DIR)/Metro.app/$(BUNDLE_EXECUTABLE_FOLDER_PATH)/Metro";
			};
			name = Debug;
		};
		63A8F46B2CD7E8F900CD2D46 /* Release */ = {
			isa = XCBuildConfiguration;
			buildSettings = {
				BUNDLE_LOADER = "$(TEST_HOST)";
				CODE_SIGN_STYLE = Automatic;
				CURRENT_PROJECT_VERSION = 1;
				DEVELOPMENT_TEAM = FSQ8798AA5;
				GENERATE_INFOPLIST_FILE = YES;
				IPHONEOS_DEPLOYMENT_TARGET = 18.0;
				MARKETING_VERSION = 1.0;
				PRODUCT_BUNDLE_IDENTIFIER = Aimarpr12.MetroTests;
				PRODUCT_NAME = "$(TARGET_NAME)";
				SWIFT_EMIT_LOC_STRINGS = NO;
				SWIFT_VERSION = 5.0;
				TARGETED_DEVICE_FAMILY = "1,2";
				TEST_HOST = "$(BUILT_PRODUCTS_DIR)/Metro.app/$(BUNDLE_EXECUTABLE_FOLDER_PATH)/Metro";
			};
			name = Release;
		};
		63A8F46D2CD7E8F900CD2D46 /* Debug */ = {
			isa = XCBuildConfiguration;
			buildSettings = {
				CODE_SIGN_STYLE = Automatic;
				CURRENT_PROJECT_VERSION = 1;
				DEVELOPMENT_TEAM = FSQ8798AA5;
				GENERATE_INFOPLIST_FILE = YES;
				MARKETING_VERSION = 1.0;
				PRODUCT_BUNDLE_IDENTIFIER = Aimarpr12.MetroUITests;
				PRODUCT_NAME = "$(TARGET_NAME)";
				SWIFT_EMIT_LOC_STRINGS = NO;
				SWIFT_VERSION = 5.0;
				TARGETED_DEVICE_FAMILY = "1,2";
				TEST_TARGET_NAME = Metro;
			};
			name = Debug;
		};
		63A8F46E2CD7E8F900CD2D46 /* Release */ = {
			isa = XCBuildConfiguration;
			buildSettings = {
				CODE_SIGN_STYLE = Automatic;
				CURRENT_PROJECT_VERSION = 1;
				DEVELOPMENT_TEAM = FSQ8798AA5;
				GENERATE_INFOPLIST_FILE = YES;
				MARKETING_VERSION = 1.0;
				PRODUCT_BUNDLE_IDENTIFIER = Aimarpr12.MetroUITests;
				PRODUCT_NAME = "$(TARGET_NAME)";
				SWIFT_EMIT_LOC_STRINGS = NO;
				SWIFT_VERSION = 5.0;
				TARGETED_DEVICE_FAMILY = "1,2";
				TEST_TARGET_NAME = Metro;
			};
			name = Release;
		};
		63DDC3182CE92B3200FBE7E5 /* Debug */ = {
			isa = XCBuildConfiguration;
			buildSettings = {
				ASSETCATALOG_COMPILER_GLOBAL_ACCENT_COLOR_NAME = AccentColor;
				ASSETCATALOG_COMPILER_WIDGET_BACKGROUND_COLOR_NAME = WidgetBackground;
				CODE_SIGN_STYLE = Automatic;
				CURRENT_PROJECT_VERSION = 1;
				DEVELOPMENT_TEAM = FSQ8798AA5;
				GENERATE_INFOPLIST_FILE = YES;
				INFOPLIST_FILE = MetroWidget/Info.plist;
				INFOPLIST_KEY_CFBundleDisplayName = MetroWidget;
				INFOPLIST_KEY_NSHumanReadableCopyright = "";
				LD_RUNPATH_SEARCH_PATHS = (
					"$(inherited)",
					"@executable_path/Frameworks",
					"@executable_path/../../Frameworks",
				);
				MARKETING_VERSION = 1.0;
				PRODUCT_BUNDLE_IDENTIFIER = Aimarpr12.Metro.MetroWidget;
				PRODUCT_NAME = "$(TARGET_NAME)";
				SKIP_INSTALL = YES;
				SWIFT_EMIT_LOC_STRINGS = YES;
				SWIFT_VERSION = 5.0;
				TARGETED_DEVICE_FAMILY = "1,2";
			};
			name = Debug;
		};
		63DDC3192CE92B3200FBE7E5 /* Release */ = {
			isa = XCBuildConfiguration;
			buildSettings = {
				ASSETCATALOG_COMPILER_GLOBAL_ACCENT_COLOR_NAME = AccentColor;
				ASSETCATALOG_COMPILER_WIDGET_BACKGROUND_COLOR_NAME = WidgetBackground;
				CODE_SIGN_STYLE = Automatic;
				CURRENT_PROJECT_VERSION = 1;
				DEVELOPMENT_TEAM = FSQ8798AA5;
				GENERATE_INFOPLIST_FILE = YES;
				INFOPLIST_FILE = MetroWidget/Info.plist;
				INFOPLIST_KEY_CFBundleDisplayName = MetroWidget;
				INFOPLIST_KEY_NSHumanReadableCopyright = "";
				LD_RUNPATH_SEARCH_PATHS = (
					"$(inherited)",
					"@executable_path/Frameworks",
					"@executable_path/../../Frameworks",
				);
				MARKETING_VERSION = 1.0;
				PRODUCT_BUNDLE_IDENTIFIER = Aimarpr12.Metro.MetroWidget;
				PRODUCT_NAME = "$(TARGET_NAME)";
				SKIP_INSTALL = YES;
				SWIFT_EMIT_LOC_STRINGS = YES;
				SWIFT_VERSION = 5.0;
				TARGETED_DEVICE_FAMILY = "1,2";
			};
			name = Release;
		};
/* End XCBuildConfiguration section */

/* Begin XCConfigurationList section */
		63A8F4382CD7E8F700CD2D46 /* Build configuration list for PBXProject "Metro" */ = {
			isa = XCConfigurationList;
			buildConfigurations = (
				63A8F4642CD7E8F900CD2D46 /* Debug */,
				63A8F4652CD7E8F900CD2D46 /* Release */,
			);
			defaultConfigurationIsVisible = 0;
			defaultConfigurationName = Release;
		};
		63A8F4662CD7E8F900CD2D46 /* Build configuration list for PBXNativeTarget "Metro" */ = {
			isa = XCConfigurationList;
			buildConfigurations = (
				63A8F4672CD7E8F900CD2D46 /* Debug */,
				63A8F4682CD7E8F900CD2D46 /* Release */,
			);
			defaultConfigurationIsVisible = 0;
			defaultConfigurationName = Release;
		};
		63A8F4692CD7E8F900CD2D46 /* Build configuration list for PBXNativeTarget "MetroTests" */ = {
			isa = XCConfigurationList;
			buildConfigurations = (
				63A8F46A2CD7E8F900CD2D46 /* Debug */,
				63A8F46B2CD7E8F900CD2D46 /* Release */,
			);
			defaultConfigurationIsVisible = 0;
			defaultConfigurationName = Release;
		};
		63A8F46C2CD7E8F900CD2D46 /* Build configuration list for PBXNativeTarget "MetroUITests" */ = {
			isa = XCConfigurationList;
			buildConfigurations = (
				63A8F46D2CD7E8F900CD2D46 /* Debug */,
				63A8F46E2CD7E8F900CD2D46 /* Release */,
			);
			defaultConfigurationIsVisible = 0;
			defaultConfigurationName = Release;
		};
		63DDC3172CE92B3200FBE7E5 /* Build configuration list for PBXNativeTarget "MetroWidgetExtension" */ = {
			isa = XCConfigurationList;
			buildConfigurations = (
				63DDC3182CE92B3200FBE7E5 /* Debug */,
				63DDC3192CE92B3200FBE7E5 /* Release */,
			);
			defaultConfigurationIsVisible = 0;
			defaultConfigurationName = Release;
		};
/* End XCConfigurationList section */
	};
	rootObject = 63A8F4352CD7E8F700CD2D46 /* Project object */;
}
